
Microsoft Visual Studio Solution File, Format Version 12.00
# Visual Studio 15
VisualStudioVersion = 15.0.28307.645
MinimumVisualStudioVersion = 10.0.40219.1
Project("{888888A0-9F3D-457C-B088-3A5042F75D52}") = "PythonApplication18", "PythonApplication18\PythonApplication18.pyproj", "{2C1B9BEB-DA03-45FB-8DFE-5FD48BF24140}"
EndProject
Global
	GlobalSection(SolutionConfigurationPlatforms) = preSolution
		Debug|Any CPU = Debug|Any CPU
		Release|Any CPU = Release|Any CPU
	EndGlobalSection
	GlobalSection(ProjectConfigurationPlatforms) = postSolution
		{2C1B9BEB-DA03-45FB-8DFE-5FD48BF24140}.Debug|Any CPU.ActiveCfg = Debug|Any CPU
		{2C1B9BEB-DA03-45FB-8DFE-5FD48BF24140}.Release|Any CPU.ActiveCfg = Release|Any CPU
	EndGlobalSection
	GlobalSection(SolutionProperties) = preSolution
		HideSolutionNode = FALSE
	EndGlobalSection
	GlobalSection(ExtensibilityGlobals) = postSolution
		SolutionGuid = {81804A0A-1F86-4D6B-AC25-D9245DECA47F}
	EndGlobalSection
EndGlobal
